
Microsoft Visual Studio Solution File, Format Version 12.00
# Visual Studio Express 2012 for Windows Desktop
Project("{FAE04EC0-301F-11D3-BF4B-00C04F79EFBC}") = "Cshp04bAufgabe1", "Cshp04bAufgabe1.csproj", "{64774895-FCDF-45FF-97E0-1D5ADC13A7AA}"
EndProject
Global
	GlobalSection(SolutionConfigurationPlatforms) = preSolution
		Debug|Any CPU = Debug|Any CPU
		Release|Any CPU = Release|Any CPU
	EndGlobalSection
	GlobalSection(ProjectConfigurationPlatforms) = postSolution
		{64774895-FCDF-45FF-97E0-1D5ADC13A7AA}.Debug|Any CPU.ActiveCfg = Debug|Any CPU
		{64774895-FCDF-45FF-97E0-1D5ADC13A7AA}.Debug|Any CPU.Build.0 = Debug|Any CPU
		{64774895-FCDF-45FF-97E0-1D5ADC13A7AA}.Release|Any CPU.ActiveCfg = Release|Any CPU
		{64774895-FCDF-45FF-97E0-1D5ADC13A7AA}.Release|Any CPU.Build.0 = Release|Any CPU
	EndGlobalSection
	GlobalSection(SolutionProperties) = preSolution
		HideSolutionNode = FALSE
	EndGlobalSection
EndGlobal
