
Microsoft Visual Studio Solution File, Format Version 12.00
# Visual Studio Express 2012 for Windows Desktop
Project("{FAE04EC0-301F-11D3-BF4B-00C04F79EFBC}") = "Cshp05b10", "Cshp05b10.csproj", "{908362B5-C81E-4683-B543-54CB4723FD7F}"
EndProject
Global
	GlobalSection(SolutionConfigurationPlatforms) = preSolution
		Debug|Any CPU = Debug|Any CPU
		Release|Any CPU = Release|Any CPU
	EndGlobalSection
	GlobalSection(ProjectConfigurationPlatforms) = postSolution
		{908362B5-C81E-4683-B543-54CB4723FD7F}.Debug|Any CPU.ActiveCfg = Debug|Any CPU
		{908362B5-C81E-4683-B543-54CB4723FD7F}.Debug|Any CPU.Build.0 = Debug|Any CPU
		{908362B5-C81E-4683-B543-54CB4723FD7F}.Release|Any CPU.ActiveCfg = Release|Any CPU
		{908362B5-C81E-4683-B543-54CB4723FD7F}.Release|Any CPU.Build.0 = Release|Any CPU
	EndGlobalSection
	GlobalSection(SolutionProperties) = preSolution
		HideSolutionNode = FALSE
	EndGlobalSection
EndGlobal
